
Microsoft Visual Studio Solution File, Format Version 12.00
# Visual Studio Version 16
VisualStudioVersion = 16.0.30114.105
MinimumVisualStudioVersion = 10.0.40219.1
Project("{FAE04EC0-301F-11D3-BF4B-00C04F79EFBC}") = "HelloWorld", "HelloWorld\HelloWorld.csproj", "{414BEC27-0DE4-454C-BD7B-000AC318AB4A}"
EndProject
Project("{FAE04EC0-301F-11D3-BF4B-00C04F79EFBC}") = "ValueTypeVsReferenceType", "ValueTypeVsReferenceType\ValueTypeVsReferenceType.csproj", "{58DC2585-09B4-44C4-8B79-CFA9963EB7D1}"
EndProject
Global
	GlobalSection(SolutionConfigurationPlatforms) = preSolution
		Debug|Any CPU = Debug|Any CPU
		Release|Any CPU = Release|Any CPU
	EndGlobalSection
	GlobalSection(ProjectConfigurationPlatforms) = postSolution
		{414BEC27-0DE4-454C-BD7B-000AC318AB4A}.Debug|Any CPU.ActiveCfg = Debug|Any CPU
		{414BEC27-0DE4-454C-BD7B-000AC318AB4A}.Debug|Any CPU.Build.0 = Debug|Any CPU
		{414BEC27-0DE4-454C-BD7B-000AC318AB4A}.Release|Any CPU.ActiveCfg = Release|Any CPU
		{414BEC27-0DE4-454C-BD7B-000AC318AB4A}.Release|Any CPU.Build.0 = Release|Any CPU
		{58DC2585-09B4-44C4-8B79-CFA9963EB7D1}.Debug|Any CPU.ActiveCfg = Debug|Any CPU
		{58DC2585-09B4-44C4-8B79-CFA9963EB7D1}.Debug|Any CPU.Build.0 = Debug|Any CPU
		{58DC2585-09B4-44C4-8B79-CFA9963EB7D1}.Release|Any CPU.ActiveCfg = Release|Any CPU
		{58DC2585-09B4-44C4-8B79-CFA9963EB7D1}.Release|Any CPU.Build.0 = Release|Any CPU
	EndGlobalSection
	GlobalSection(SolutionProperties) = preSolution
		HideSolutionNode = FALSE
	EndGlobalSection
	GlobalSection(ExtensibilityGlobals) = postSolution
		SolutionGuid = {A484D63C-D918-4AC1-BF18-5572F331629B}
	EndGlobalSection
EndGlobal
